
Microsoft Visual Studio Solution File, Format Version 12.00
Project("{FAE04EC0-301F-11D3-BF4B-00C04F79EFBC}") = "Flux.Tests", "Flux.Tests\Flux.Tests.csproj", "{4E1E5E86-5433-4E07-A73D-CB4588A5B1D1}"
EndProject
Project("{FAE04EC0-301F-11D3-BF4B-00C04F79EFBC}") = "Flux.Examples", "Flux.Examples\Flux.Examples.csproj", "{7A802820-60E0-4699-9825-3A83113881AE}"
EndProject
Project("{FAE04EC0-301F-11D3-BF4B-00C04F79EFBC}") = "InfluxData.Platform.Common", "InfluxData.Platform.Common\InfluxData.Platform.Common.csproj", "{9E2195B8-252B-4896-9731-363724185852}"
EndProject
Project("{FAE04EC0-301F-11D3-BF4B-00C04F79EFBC}") = "Flux.Client", "Flux.Client\Flux.Client.csproj", "{3D001576-23F7-4F30-AD89-D7BCCDAE77A5}"
EndProject
Project("{FAE04EC0-301F-11D3-BF4B-00C04F79EFBC}") = "Flux.Client.Reactive", "Flux.Client.Reactive\Flux.Client.Reactive.csproj", "{D89A9D96-5A6C-453E-AC46-6AC782C0CC50}"
EndProject
Global
	GlobalSection(SolutionConfigurationPlatforms) = preSolution
		Debug|Any CPU = Debug|Any CPU
		Release|Any CPU = Release|Any CPU
	EndGlobalSection
	GlobalSection(ProjectConfigurationPlatforms) = postSolution
		{4E1E5E86-5433-4E07-A73D-CB4588A5B1D1}.Debug|Any CPU.ActiveCfg = Debug|Any CPU
		{4E1E5E86-5433-4E07-A73D-CB4588A5B1D1}.Debug|Any CPU.Build.0 = Debug|Any CPU
		{4E1E5E86-5433-4E07-A73D-CB4588A5B1D1}.Release|Any CPU.ActiveCfg = Release|Any CPU
		{4E1E5E86-5433-4E07-A73D-CB4588A5B1D1}.Release|Any CPU.Build.0 = Release|Any CPU
		{7A802820-60E0-4699-9825-3A83113881AE}.Debug|Any CPU.ActiveCfg = Debug|Any CPU
		{7A802820-60E0-4699-9825-3A83113881AE}.Debug|Any CPU.Build.0 = Debug|Any CPU
		{7A802820-60E0-4699-9825-3A83113881AE}.Release|Any CPU.ActiveCfg = Release|Any CPU
		{7A802820-60E0-4699-9825-3A83113881AE}.Release|Any CPU.Build.0 = Release|Any CPU
		{9E2195B8-252B-4896-9731-363724185852}.Debug|Any CPU.ActiveCfg = Debug|Any CPU
		{9E2195B8-252B-4896-9731-363724185852}.Debug|Any CPU.Build.0 = Debug|Any CPU
		{9E2195B8-252B-4896-9731-363724185852}.Release|Any CPU.ActiveCfg = Release|Any CPU
		{9E2195B8-252B-4896-9731-363724185852}.Release|Any CPU.Build.0 = Release|Any CPU
		{3D001576-23F7-4F30-AD89-D7BCCDAE77A5}.Debug|Any CPU.ActiveCfg = Debug|Any CPU
		{3D001576-23F7-4F30-AD89-D7BCCDAE77A5}.Debug|Any CPU.Build.0 = Debug|Any CPU
		{3D001576-23F7-4F30-AD89-D7BCCDAE77A5}.Release|Any CPU.ActiveCfg = Release|Any CPU
		{3D001576-23F7-4F30-AD89-D7BCCDAE77A5}.Release|Any CPU.Build.0 = Release|Any CPU
		{D89A9D96-5A6C-453E-AC46-6AC782C0CC50}.Debug|Any CPU.ActiveCfg = Debug|Any CPU
		{D89A9D96-5A6C-453E-AC46-6AC782C0CC50}.Debug|Any CPU.Build.0 = Debug|Any CPU
		{D89A9D96-5A6C-453E-AC46-6AC782C0CC50}.Release|Any CPU.ActiveCfg = Release|Any CPU
		{D89A9D96-5A6C-453E-AC46-6AC782C0CC50}.Release|Any CPU.Build.0 = Release|Any CPU
	EndGlobalSection
EndGlobal
