
Microsoft Visual Studio Solution File, Format Version 12.00
Project("{FAE04EC0-301F-11D3-BF4B-00C04F79EFBC}") = "Flux.Examples", "Flux.Examples\Flux.Examples.csproj", "{7A802820-60E0-4699-9825-3A83113881AE}"
EndProject
Project("{FAE04EC0-301F-11D3-BF4B-00C04F79EFBC}") = "InfluxData.Platform.Common", "InfluxData.Platform.Common\InfluxData.Platform.Common.csproj", "{9E2195B8-252B-4896-9731-363724185852}"
EndProject
Project("{FAE04EC0-301F-11D3-BF4B-00C04F79EFBC}") = "Flux.Client", "Flux.Client\Flux.Client.csproj", "{3D001576-23F7-4F30-AD89-D7BCCDAE77A5}"
EndProject
Project("{FAE04EC0-301F-11D3-BF4B-00C04F79EFBC}") = "Flux.Client.Reactive", "Flux.Client.Reactive\Flux.Client.Reactive.csproj", "{D89A9D96-5A6C-453E-AC46-6AC782C0CC50}"
EndProject
Project("{FAE04EC0-301F-11D3-BF4B-00C04F79EFBC}") = "Platform.Client", "Platform.Client\Platform.Client.csproj", "{2097DE11-12ED-4892-A631-DA72A5E142D5}"
EndProject
Project("{2150E333-8FDC-42A3-9474-1A3956D46DE8}") = "Tests", "Tests", "{0D7015F8-9D97-4FA6-AE7A-9131B2E32543}"
EndProject
Project("{FAE04EC0-301F-11D3-BF4B-00C04F79EFBC}") = "Flux.Client.Tests", "Flux.Client.Tests\Flux.Client.Tests.csproj", "{C6E35BF5-BF7E-49FB-877A-BB05419BBBC9}"
EndProject
Project("{FAE04EC0-301F-11D3-BF4B-00C04F79EFBC}") = "Platform.Common.Tests", "Platform.Common.Tests\Platform.Common.Tests.csproj", "{E1980DAD-416B-4707-899E-6B301B9FCF97}"
EndProject
Project("{FAE04EC0-301F-11D3-BF4B-00C04F79EFBC}") = "Platform.Client.Tests", "Platform.Client.Tests\Platform.Client.Tests.csproj", "{7C462BD8-77A8-4190-93AC-BC364B861C9A}"
EndProject
Global
	GlobalSection(SolutionConfigurationPlatforms) = preSolution
		Debug|Any CPU = Debug|Any CPU
		Release|Any CPU = Release|Any CPU
	EndGlobalSection
	GlobalSection(ProjectConfigurationPlatforms) = postSolution
		{7A802820-60E0-4699-9825-3A83113881AE}.Debug|Any CPU.ActiveCfg = Debug|Any CPU
		{7A802820-60E0-4699-9825-3A83113881AE}.Debug|Any CPU.Build.0 = Debug|Any CPU
		{7A802820-60E0-4699-9825-3A83113881AE}.Release|Any CPU.ActiveCfg = Release|Any CPU
		{7A802820-60E0-4699-9825-3A83113881AE}.Release|Any CPU.Build.0 = Release|Any CPU
		{9E2195B8-252B-4896-9731-363724185852}.Debug|Any CPU.ActiveCfg = Debug|Any CPU
		{9E2195B8-252B-4896-9731-363724185852}.Debug|Any CPU.Build.0 = Debug|Any CPU
		{9E2195B8-252B-4896-9731-363724185852}.Release|Any CPU.ActiveCfg = Release|Any CPU
		{9E2195B8-252B-4896-9731-363724185852}.Release|Any CPU.Build.0 = Release|Any CPU
		{3D001576-23F7-4F30-AD89-D7BCCDAE77A5}.Debug|Any CPU.ActiveCfg = Debug|Any CPU
		{3D001576-23F7-4F30-AD89-D7BCCDAE77A5}.Debug|Any CPU.Build.0 = Debug|Any CPU
		{3D001576-23F7-4F30-AD89-D7BCCDAE77A5}.Release|Any CPU.ActiveCfg = Release|Any CPU
		{3D001576-23F7-4F30-AD89-D7BCCDAE77A5}.Release|Any CPU.Build.0 = Release|Any CPU
		{D89A9D96-5A6C-453E-AC46-6AC782C0CC50}.Debug|Any CPU.ActiveCfg = Debug|Any CPU
		{D89A9D96-5A6C-453E-AC46-6AC782C0CC50}.Debug|Any CPU.Build.0 = Debug|Any CPU
		{D89A9D96-5A6C-453E-AC46-6AC782C0CC50}.Release|Any CPU.ActiveCfg = Release|Any CPU
		{D89A9D96-5A6C-453E-AC46-6AC782C0CC50}.Release|Any CPU.Build.0 = Release|Any CPU
		{2097DE11-12ED-4892-A631-DA72A5E142D5}.Debug|Any CPU.ActiveCfg = Debug|Any CPU
		{2097DE11-12ED-4892-A631-DA72A5E142D5}.Debug|Any CPU.Build.0 = Debug|Any CPU
		{2097DE11-12ED-4892-A631-DA72A5E142D5}.Release|Any CPU.ActiveCfg = Release|Any CPU
		{2097DE11-12ED-4892-A631-DA72A5E142D5}.Release|Any CPU.Build.0 = Release|Any CPU
		{C6E35BF5-BF7E-49FB-877A-BB05419BBBC9}.Debug|Any CPU.ActiveCfg = Debug|Any CPU
		{C6E35BF5-BF7E-49FB-877A-BB05419BBBC9}.Debug|Any CPU.Build.0 = Debug|Any CPU
		{C6E35BF5-BF7E-49FB-877A-BB05419BBBC9}.Release|Any CPU.ActiveCfg = Release|Any CPU
		{C6E35BF5-BF7E-49FB-877A-BB05419BBBC9}.Release|Any CPU.Build.0 = Release|Any CPU
		{E1980DAD-416B-4707-899E-6B301B9FCF97}.Debug|Any CPU.ActiveCfg = Debug|Any CPU
		{E1980DAD-416B-4707-899E-6B301B9FCF97}.Debug|Any CPU.Build.0 = Debug|Any CPU
		{E1980DAD-416B-4707-899E-6B301B9FCF97}.Release|Any CPU.ActiveCfg = Release|Any CPU
		{E1980DAD-416B-4707-899E-6B301B9FCF97}.Release|Any CPU.Build.0 = Release|Any CPU
		{7C462BD8-77A8-4190-93AC-BC364B861C9A}.Debug|Any CPU.ActiveCfg = Debug|Any CPU
		{7C462BD8-77A8-4190-93AC-BC364B861C9A}.Debug|Any CPU.Build.0 = Debug|Any CPU
		{7C462BD8-77A8-4190-93AC-BC364B861C9A}.Release|Any CPU.ActiveCfg = Release|Any CPU
		{7C462BD8-77A8-4190-93AC-BC364B861C9A}.Release|Any CPU.Build.0 = Release|Any CPU
	EndGlobalSection
	GlobalSection(NestedProjects) = preSolution
		{C6E35BF5-BF7E-49FB-877A-BB05419BBBC9} = {0D7015F8-9D97-4FA6-AE7A-9131B2E32543}
		{E1980DAD-416B-4707-899E-6B301B9FCF97} = {0D7015F8-9D97-4FA6-AE7A-9131B2E32543}
		{7C462BD8-77A8-4190-93AC-BC364B861C9A} = {0D7015F8-9D97-4FA6-AE7A-9131B2E32543}
	EndGlobalSection
EndGlobal
