
Microsoft Visual Studio Solution File, Format Version 12.00
#
Project("{FAE04EC0-301F-11D3-BF4B-00C04F79EFBC}") = "Client.Core", "Client.Core\Client.Core.csproj", "{DEE331F3-8BD4-42CA-AD7C-E5F8A9F14C29}"
EndProject
Project("{FAE04EC0-301F-11D3-BF4B-00C04F79EFBC}") = "Client.Core.Test", "Client.Core.Test\Client.Core.Test.csproj", "{576AB803-A7F9-447C-B4EC-802D6D500F02}"
EndProject
Project("{FAE04EC0-301F-11D3-BF4B-00C04F79EFBC}") = "Client", "Client\Client.csproj", "{822FF56B-F4DF-497C-A7DF-E3408FD24656}"
EndProject
Project("{FAE04EC0-301F-11D3-BF4B-00C04F79EFBC}") = "Client.Test", "Client.Test\Client.Test.csproj", "{C7EC718D-EF18-4C2B-8B93-D80622B68AF4}"
EndProject
Project("{FAE04EC0-301F-11D3-BF4B-00C04F79EFBC}") = "Client.Legacy", "Client.Legacy\Client.Legacy.csproj", "{96B201D2-30E7-4B7E-80FF-9496D9642AEA}"
EndProject
Project("{FAE04EC0-301F-11D3-BF4B-00C04F79EFBC}") = "Client.Legacy.Test", "Client.Legacy.Test\Client.Legacy.Test.csproj", "{E0359C12-AEC9-421E-8A61-DA0588C720ED}"
EndProject
Project("{FAE04EC0-301F-11D3-BF4B-00C04F79EFBC}") = "Examples", "Examples\Examples.csproj", "{3F17FEF3-BED2-42D6-87B2-6DB1990BEC87}"
EndProject
Project("{FAE04EC0-301F-11D3-BF4B-00C04F79EFBC}") = "Client.Linq", "Client.Linq\Client.Linq.csproj", "{70745207-00A5-4C80-A792-CFDF5FDA48DD}"
EndProject
Project("{FAE04EC0-301F-11D3-BF4B-00C04F79EFBC}") = "Client.Linq.Test", "Client.Linq.Test\Client.Linq.Test.csproj", "{38A179EB-6843-49D0-A751-7EC668C94FE6}"
EndProject
Global
	GlobalSection(NestedProjects) = preSolution
	EndGlobalSection
	GlobalSection(SolutionConfigurationPlatforms) = preSolution
		Debug|Any CPU = Debug|Any CPU
		Debug|x64 = Debug|x64
		Debug|x86 = Debug|x86
		Release|Any CPU = Release|Any CPU
		Release|x64 = Release|x64
		Release|x86 = Release|x86
	EndGlobalSection
	GlobalSection(ProjectConfigurationPlatforms) = postSolution
		{DEE331F3-8BD4-42CA-AD7C-E5F8A9F14C29}.Debug|Any CPU.ActiveCfg = Debug|Any CPU
		{DEE331F3-8BD4-42CA-AD7C-E5F8A9F14C29}.Debug|Any CPU.Build.0 = Debug|Any CPU
		{DEE331F3-8BD4-42CA-AD7C-E5F8A9F14C29}.Debug|x64.ActiveCfg = Debug|Any CPU
		{DEE331F3-8BD4-42CA-AD7C-E5F8A9F14C29}.Debug|x64.Build.0 = Debug|Any CPU
		{DEE331F3-8BD4-42CA-AD7C-E5F8A9F14C29}.Debug|x86.ActiveCfg = Debug|Any CPU
		{DEE331F3-8BD4-42CA-AD7C-E5F8A9F14C29}.Debug|x86.Build.0 = Debug|Any CPU
		{DEE331F3-8BD4-42CA-AD7C-E5F8A9F14C29}.Release|Any CPU.ActiveCfg = Release|Any CPU
		{DEE331F3-8BD4-42CA-AD7C-E5F8A9F14C29}.Release|Any CPU.Build.0 = Release|Any CPU
		{DEE331F3-8BD4-42CA-AD7C-E5F8A9F14C29}.Release|x64.ActiveCfg = Release|Any CPU
		{DEE331F3-8BD4-42CA-AD7C-E5F8A9F14C29}.Release|x64.Build.0 = Release|Any CPU
		{DEE331F3-8BD4-42CA-AD7C-E5F8A9F14C29}.Release|x86.ActiveCfg = Release|Any CPU
		{DEE331F3-8BD4-42CA-AD7C-E5F8A9F14C29}.Release|x86.Build.0 = Release|Any CPU
		{576AB803-A7F9-447C-B4EC-802D6D500F02}.Debug|Any CPU.ActiveCfg = Debug|Any CPU
		{576AB803-A7F9-447C-B4EC-802D6D500F02}.Debug|Any CPU.Build.0 = Debug|Any CPU
		{576AB803-A7F9-447C-B4EC-802D6D500F02}.Debug|x64.ActiveCfg = Debug|Any CPU
		{576AB803-A7F9-447C-B4EC-802D6D500F02}.Debug|x64.Build.0 = Debug|Any CPU
		{576AB803-A7F9-447C-B4EC-802D6D500F02}.Debug|x86.ActiveCfg = Debug|Any CPU
		{576AB803-A7F9-447C-B4EC-802D6D500F02}.Debug|x86.Build.0 = Debug|Any CPU
		{576AB803-A7F9-447C-B4EC-802D6D500F02}.Release|Any CPU.ActiveCfg = Release|Any CPU
		{576AB803-A7F9-447C-B4EC-802D6D500F02}.Release|Any CPU.Build.0 = Release|Any CPU
		{576AB803-A7F9-447C-B4EC-802D6D500F02}.Release|x64.ActiveCfg = Release|Any CPU
		{576AB803-A7F9-447C-B4EC-802D6D500F02}.Release|x64.Build.0 = Release|Any CPU
		{576AB803-A7F9-447C-B4EC-802D6D500F02}.Release|x86.ActiveCfg = Release|Any CPU
		{576AB803-A7F9-447C-B4EC-802D6D500F02}.Release|x86.Build.0 = Release|Any CPU
		{822FF56B-F4DF-497C-A7DF-E3408FD24656}.Debug|Any CPU.ActiveCfg = Debug|Any CPU
		{822FF56B-F4DF-497C-A7DF-E3408FD24656}.Debug|Any CPU.Build.0 = Debug|Any CPU
		{822FF56B-F4DF-497C-A7DF-E3408FD24656}.Debug|x64.ActiveCfg = Debug|Any CPU
		{822FF56B-F4DF-497C-A7DF-E3408FD24656}.Debug|x64.Build.0 = Debug|Any CPU
		{822FF56B-F4DF-497C-A7DF-E3408FD24656}.Debug|x86.ActiveCfg = Debug|Any CPU
		{822FF56B-F4DF-497C-A7DF-E3408FD24656}.Debug|x86.Build.0 = Debug|Any CPU
		{822FF56B-F4DF-497C-A7DF-E3408FD24656}.Release|Any CPU.ActiveCfg = Release|Any CPU
		{822FF56B-F4DF-497C-A7DF-E3408FD24656}.Release|Any CPU.Build.0 = Release|Any CPU
		{822FF56B-F4DF-497C-A7DF-E3408FD24656}.Release|x64.ActiveCfg = Release|Any CPU
		{822FF56B-F4DF-497C-A7DF-E3408FD24656}.Release|x64.Build.0 = Release|Any CPU
		{822FF56B-F4DF-497C-A7DF-E3408FD24656}.Release|x86.ActiveCfg = Release|Any CPU
		{822FF56B-F4DF-497C-A7DF-E3408FD24656}.Release|x86.Build.0 = Release|Any CPU
		{C7EC718D-EF18-4C2B-8B93-D80622B68AF4}.Debug|Any CPU.ActiveCfg = Debug|Any CPU
		{C7EC718D-EF18-4C2B-8B93-D80622B68AF4}.Debug|Any CPU.Build.0 = Debug|Any CPU
		{C7EC718D-EF18-4C2B-8B93-D80622B68AF4}.Debug|x64.ActiveCfg = Debug|Any CPU
		{C7EC718D-EF18-4C2B-8B93-D80622B68AF4}.Debug|x64.Build.0 = Debug|Any CPU
		{C7EC718D-EF18-4C2B-8B93-D80622B68AF4}.Debug|x86.ActiveCfg = Debug|Any CPU
		{C7EC718D-EF18-4C2B-8B93-D80622B68AF4}.Debug|x86.Build.0 = Debug|Any CPU
		{C7EC718D-EF18-4C2B-8B93-D80622B68AF4}.Release|Any CPU.ActiveCfg = Release|Any CPU
		{C7EC718D-EF18-4C2B-8B93-D80622B68AF4}.Release|Any CPU.Build.0 = Release|Any CPU
		{C7EC718D-EF18-4C2B-8B93-D80622B68AF4}.Release|x64.ActiveCfg = Release|Any CPU
		{C7EC718D-EF18-4C2B-8B93-D80622B68AF4}.Release|x64.Build.0 = Release|Any CPU
		{C7EC718D-EF18-4C2B-8B93-D80622B68AF4}.Release|x86.ActiveCfg = Release|Any CPU
		{C7EC718D-EF18-4C2B-8B93-D80622B68AF4}.Release|x86.Build.0 = Release|Any CPU
		{96B201D2-30E7-4B7E-80FF-9496D9642AEA}.Debug|Any CPU.ActiveCfg = Debug|Any CPU
		{96B201D2-30E7-4B7E-80FF-9496D9642AEA}.Debug|Any CPU.Build.0 = Debug|Any CPU
		{96B201D2-30E7-4B7E-80FF-9496D9642AEA}.Debug|x64.ActiveCfg = Debug|Any CPU
		{96B201D2-30E7-4B7E-80FF-9496D9642AEA}.Debug|x64.Build.0 = Debug|Any CPU
		{96B201D2-30E7-4B7E-80FF-9496D9642AEA}.Debug|x86.ActiveCfg = Debug|Any CPU
		{96B201D2-30E7-4B7E-80FF-9496D9642AEA}.Debug|x86.Build.0 = Debug|Any CPU
		{96B201D2-30E7-4B7E-80FF-9496D9642AEA}.Release|Any CPU.ActiveCfg = Release|Any CPU
		{96B201D2-30E7-4B7E-80FF-9496D9642AEA}.Release|Any CPU.Build.0 = Release|Any CPU
		{96B201D2-30E7-4B7E-80FF-9496D9642AEA}.Release|x64.ActiveCfg = Release|Any CPU
		{96B201D2-30E7-4B7E-80FF-9496D9642AEA}.Release|x64.Build.0 = Release|Any CPU
		{96B201D2-30E7-4B7E-80FF-9496D9642AEA}.Release|x86.ActiveCfg = Release|Any CPU
		{96B201D2-30E7-4B7E-80FF-9496D9642AEA}.Release|x86.Build.0 = Release|Any CPU
		{E0359C12-AEC9-421E-8A61-DA0588C720ED}.Debug|Any CPU.ActiveCfg = Debug|Any CPU
		{E0359C12-AEC9-421E-8A61-DA0588C720ED}.Debug|Any CPU.Build.0 = Debug|Any CPU
		{E0359C12-AEC9-421E-8A61-DA0588C720ED}.Debug|x64.ActiveCfg = Debug|Any CPU
		{E0359C12-AEC9-421E-8A61-DA0588C720ED}.Debug|x64.Build.0 = Debug|Any CPU
		{E0359C12-AEC9-421E-8A61-DA0588C720ED}.Debug|x86.ActiveCfg = Debug|Any CPU
		{E0359C12-AEC9-421E-8A61-DA0588C720ED}.Debug|x86.Build.0 = Debug|Any CPU
		{E0359C12-AEC9-421E-8A61-DA0588C720ED}.Release|Any CPU.ActiveCfg = Release|Any CPU
		{E0359C12-AEC9-421E-8A61-DA0588C720ED}.Release|Any CPU.Build.0 = Release|Any CPU
		{E0359C12-AEC9-421E-8A61-DA0588C720ED}.Release|x64.ActiveCfg = Release|Any CPU
		{E0359C12-AEC9-421E-8A61-DA0588C720ED}.Release|x64.Build.0 = Release|Any CPU
		{E0359C12-AEC9-421E-8A61-DA0588C720ED}.Release|x86.ActiveCfg = Release|Any CPU
		{E0359C12-AEC9-421E-8A61-DA0588C720ED}.Release|x86.Build.0 = Release|Any CPU
		{3F17FEF3-BED2-42D6-87B2-6DB1990BEC87}.Debug|Any CPU.ActiveCfg = Debug|Any CPU
		{3F17FEF3-BED2-42D6-87B2-6DB1990BEC87}.Debug|Any CPU.Build.0 = Debug|Any CPU
		{3F17FEF3-BED2-42D6-87B2-6DB1990BEC87}.Debug|x64.ActiveCfg = Debug|Any CPU
		{3F17FEF3-BED2-42D6-87B2-6DB1990BEC87}.Debug|x64.Build.0 = Debug|Any CPU
		{3F17FEF3-BED2-42D6-87B2-6DB1990BEC87}.Debug|x86.ActiveCfg = Debug|Any CPU
		{3F17FEF3-BED2-42D6-87B2-6DB1990BEC87}.Debug|x86.Build.0 = Debug|Any CPU
		{3F17FEF3-BED2-42D6-87B2-6DB1990BEC87}.Release|Any CPU.ActiveCfg = Release|Any CPU
		{3F17FEF3-BED2-42D6-87B2-6DB1990BEC87}.Release|Any CPU.Build.0 = Release|Any CPU
		{3F17FEF3-BED2-42D6-87B2-6DB1990BEC87}.Release|x64.ActiveCfg = Release|Any CPU
		{3F17FEF3-BED2-42D6-87B2-6DB1990BEC87}.Release|x64.Build.0 = Release|Any CPU
		{3F17FEF3-BED2-42D6-87B2-6DB1990BEC87}.Release|x86.ActiveCfg = Release|Any CPU
		{3F17FEF3-BED2-42D6-87B2-6DB1990BEC87}.Release|x86.Build.0 = Release|Any CPU
		{70745207-00A5-4C80-A792-CFDF5FDA48DD}.Debug|Any CPU.ActiveCfg = Debug|Any CPU
		{70745207-00A5-4C80-A792-CFDF5FDA48DD}.Debug|Any CPU.Build.0 = Debug|Any CPU
		{70745207-00A5-4C80-A792-CFDF5FDA48DD}.Debug|x64.ActiveCfg = Debug|Any CPU
		{70745207-00A5-4C80-A792-CFDF5FDA48DD}.Debug|x64.Build.0 = Debug|Any CPU
		{70745207-00A5-4C80-A792-CFDF5FDA48DD}.Debug|x86.ActiveCfg = Debug|Any CPU
		{70745207-00A5-4C80-A792-CFDF5FDA48DD}.Debug|x86.Build.0 = Debug|Any CPU
		{70745207-00A5-4C80-A792-CFDF5FDA48DD}.Release|Any CPU.ActiveCfg = Release|Any CPU
		{70745207-00A5-4C80-A792-CFDF5FDA48DD}.Release|Any CPU.Build.0 = Release|Any CPU
		{70745207-00A5-4C80-A792-CFDF5FDA48DD}.Release|x64.ActiveCfg = Release|Any CPU
		{70745207-00A5-4C80-A792-CFDF5FDA48DD}.Release|x64.Build.0 = Release|Any CPU
		{70745207-00A5-4C80-A792-CFDF5FDA48DD}.Release|x86.ActiveCfg = Release|Any CPU
		{70745207-00A5-4C80-A792-CFDF5FDA48DD}.Release|x86.Build.0 = Release|Any CPU
		{38A179EB-6843-49D0-A751-7EC668C94FE6}.Debug|Any CPU.ActiveCfg = Debug|Any CPU
		{38A179EB-6843-49D0-A751-7EC668C94FE6}.Debug|Any CPU.Build.0 = Debug|Any CPU
		{38A179EB-6843-49D0-A751-7EC668C94FE6}.Debug|x64.ActiveCfg = Debug|Any CPU
		{38A179EB-6843-49D0-A751-7EC668C94FE6}.Debug|x64.Build.0 = Debug|Any CPU
		{38A179EB-6843-49D0-A751-7EC668C94FE6}.Debug|x86.ActiveCfg = Debug|Any CPU
		{38A179EB-6843-49D0-A751-7EC668C94FE6}.Debug|x86.Build.0 = Debug|Any CPU
		{38A179EB-6843-49D0-A751-7EC668C94FE6}.Release|Any CPU.ActiveCfg = Release|Any CPU
		{38A179EB-6843-49D0-A751-7EC668C94FE6}.Release|Any CPU.Build.0 = Release|Any CPU
		{38A179EB-6843-49D0-A751-7EC668C94FE6}.Release|x64.ActiveCfg = Release|Any CPU
		{38A179EB-6843-49D0-A751-7EC668C94FE6}.Release|x64.Build.0 = Release|Any CPU
		{38A179EB-6843-49D0-A751-7EC668C94FE6}.Release|x86.ActiveCfg = Release|Any CPU
		{38A179EB-6843-49D0-A751-7EC668C94FE6}.Release|x86.Build.0 = Release|Any CPU
	EndGlobalSection
EndGlobal
